{
    "_readme": [
        "This file locks the dependencies of your project to a known state",
        "Read more about it at https://getcomposer.org/doc/01-basic-usage.md#composer-lock-the-lock-file",
        "This file is @generated automatically"
    ],
    "hash": "ebec933218a4d342c24b7077833ec5ea",
    "content-hash": "d2a8a434ce2ca64bc73410b3793d99f5",
    "packages": [
        {
            "name": "facebook/webdriver",
            "version": "dev-master",
            "source": {
                "type": "git",
                "url": "https://github.com/facebook/php-webdriver.git",
                "reference": "575600dfcfebad49fd0fc59d781b0696462a1f4e"
            },
            "dist": {
                "type": "zip",
                "url": "https://api.github.com/repos/facebook/php-webdriver/zipball/575600dfcfebad49fd0fc59d781b0696462a1f4e",
                "reference": "575600dfcfebad49fd0fc59d781b0696462a1f4e",
                "shasum": ""
            },
            "require": {
                "php": ">=5.3.19"
            },
            "require-dev": {
                "phpdocumentor/phpdocumentor": "2.*",
                "phpunit/phpunit": "3.7.*"
            },
            "type": "library",
            "autoload": {
                "classmap": [
                    "lib/"
                ]
            },
            "notification-url": "https://packagist.org/downloads/",
            "license": [
                "Apache-2.0"
            ],
            "description": "A php client for WebDriver",
            "homepage": "https://github.com/facebook/php-webdriver",
            "keywords": [
                "facebook",
                "php",
                "selenium",
                "webdriver"
            ],
            "time": "2015-06-09 17:09:16"
        }
    ],
    "packages-dev": [],
    "aliases": [],
    "minimum-stability": "dev",
    "stability-flags": {
        "facebook/webdriver": 20
    },
    "prefer-stable": false,
    "prefer-lowest": false,
    "platform": {
        "php": ">=5.3.19"
    },
    "platform-dev": []
}
